
Microsoft Visual Studio Solution File, Format Version 12.00
# Visual Studio Version 17
VisualStudioVersion = 17.8.34330.188
MinimumVisualStudioVersion = 10.0.40219.1
Project("{FAE04EC0-301F-11D3-BF4B-00C04F79EFBC}") = "Api", "Api\Api.csproj", "{931C314B-B340-4E68-BEF6-8D89932B092C}"
EndProject
Project("{FAE04EC0-301F-11D3-BF4B-00C04F79EFBC}") = "Domain", "Domain\Domain.csproj", "{82FA9708-BAC9-4498-A673-7BDFF98C2BE1}"
EndProject
Project("{FAE04EC0-301F-11D3-BF4B-00C04F79EFBC}") = "Database", "Database\Database.csproj", "{B45419FB-F129-4099-AC40-3F82055FCDF2}"
EndProject
Global
	GlobalSection(SolutionConfigurationPlatforms) = preSolution
		Debug|Any CPU = Debug|Any CPU
		Release|Any CPU = Release|Any CPU
	EndGlobalSection
	GlobalSection(ProjectConfigurationPlatforms) = postSolution
		{931C314B-B340-4E68-BEF6-8D89932B092C}.Debug|Any CPU.ActiveCfg = Debug|Any CPU
		{931C314B-B340-4E68-BEF6-8D89932B092C}.Debug|Any CPU.Build.0 = Debug|Any CPU
		{931C314B-B340-4E68-BEF6-8D89932B092C}.Release|Any CPU.ActiveCfg = Release|Any CPU
		{931C314B-B340-4E68-BEF6-8D89932B092C}.Release|Any CPU.Build.0 = Release|Any CPU
		{82FA9708-BAC9-4498-A673-7BDFF98C2BE1}.Debug|Any CPU.ActiveCfg = Debug|Any CPU
		{82FA9708-BAC9-4498-A673-7BDFF98C2BE1}.Debug|Any CPU.Build.0 = Debug|Any CPU
		{82FA9708-BAC9-4498-A673-7BDFF98C2BE1}.Release|Any CPU.ActiveCfg = Release|Any CPU
		{82FA9708-BAC9-4498-A673-7BDFF98C2BE1}.Release|Any CPU.Build.0 = Release|Any CPU
		{B45419FB-F129-4099-AC40-3F82055FCDF2}.Debug|Any CPU.ActiveCfg = Debug|Any CPU
		{B45419FB-F129-4099-AC40-3F82055FCDF2}.Debug|Any CPU.Build.0 = Debug|Any CPU
		{B45419FB-F129-4099-AC40-3F82055FCDF2}.Release|Any CPU.ActiveCfg = Release|Any CPU
		{B45419FB-F129-4099-AC40-3F82055FCDF2}.Release|Any CPU.Build.0 = Release|Any CPU
	EndGlobalSection
	GlobalSection(SolutionProperties) = preSolution
		HideSolutionNode = FALSE
	EndGlobalSection
	GlobalSection(ExtensibilityGlobals) = postSolution
		SolutionGuid = {E7FE3D55-F9AE-45A4-80CC-C9D4C9303145}
	EndGlobalSection
EndGlobal
